version: '1'
resolved_at: '2026-06-29T04:29:39Z'
skills:
  question_comprehension_info/assess_comprehension_difficulty:
    repo: file:///Users/user/.agents/skills/agent-legion/question_comprehension_info/assess_comprehension_difficulty
    ref: v1.1.3
    commit: 6922221877f10d6edb397d3b1cd3b6fc02bae2fc
  question_comprehension_info/generate_key_info:
    repo: file:///Users/user/.agents/skills/agent-legion/question_comprehension_info/generate_key_info
    ref: v1.3.2
    commit: 57869a9e6f22481b57d26b62bd968247052b7bb1
  question_comprehension_info/generate_possible_errors:
    repo: file:///Users/user/.agents/skills/agent-legion/question_comprehension_info/generate_possible_errors
    ref: v1.3.0
    commit: fc7a1979919ccf64a1f19de19aa0abe233710da2
  question_comprehension_info/review_key_info:
    repo: file:///Users/user/.agents/skills/agent-legion/question_comprehension_info/review_key_info
    ref: v1.1.5
    commit: 20a5a77ec950803c8205c5c6b56f6b87a33971d4
  question_comprehension_info/review_possible_errors:
    repo: file:///Users/user/.agents/skills/agent-legion/question_comprehension_info/review_possible_errors
    ref: v1.3.0
    commit: 1e336ffdd79dd89fec3f9be621b8878d49d9035e
  video_knowledge/generate_chapters:
    repo: file:///Users/user/.openclaw/workspace/skills/slice-chapters
    ref: v1.0.0
    commit: 6c783fbf8c99ac2bd071252612b35237ab03d8e5
  video_knowledge/generate_interactions:
    repo: file:///Users/user/.openclaw/workspace/skills/generate-interactions
    ref: v1.0.0
    commit: 0be1c695332aab28cfd74e3631aa149d1ce1e7a8
  video_knowledge/review_subtitles:
    repo: file:///Users/user/.openclaw/workspace/skills/review-subtitles
    ref: v1.0.0
    commit: b232393bb5e4c6082ffc8f3afa36579d1782ae96
  video_knowledge/review_video_content:
    repo: file:///Users/user/.openclaw/workspace/skills/review-interactions
    ref: v1.0.0
    commit: e40f75329921686d54872d5568a7d58eb26bbe6c
